# This file is autogenerated, do not edit; changes may be undone by the next 'dep ensure'.


[[projects]]
  branch = "master"
  name = "github.com/minio/go-homedir"
  packages = ["."]
  revision = "21304a94172ae3a09dee2cd86a12fb6f842138c7"

[[projects]]
  name = "github.com/pkg/errors"
  packages = ["."]
  revision = "645ef00459ed84a119197bfb8d8205042c6df63d"
  version = "v0.8.0"

[[projects]]
  name = "gopkg.in/urfave/cli.v1"
  packages = ["."]
  revision = "cfb38830724cc34fedffe9a2a29fb54fa9169cd1"
  version = "v1.20.0"

[solve-meta]
  analyzer-name = "dep"
  analyzer-version = 1
  inputs-digest = "5196f6089b2211dac009f53bddeb70a4ef1fed83f40f377795044f6a13f9c55c"
  solver-name = "gps-cdcl"
  solver-version = 1
