# This file is autogenerated, do not edit; changes may be undone by the next 'dep ensure'.


[[projects]]
  name = "github.com/Masterminds/semver"
  packages = ["."]
  revision = "15d8430ab86497c5c0da827b748823945e1cf1e1"
  version = "v1.4.0"

[[projects]]
  name = "github.com/Microsoft/go-winio"
  packages = ["."]
  revision = "78439966b38d69bf38227fbf57ac8a6fee70f69a"
  version = "v0.4.5"

[[projects]]
  name = "github.com/davecgh/go-spew"
  packages = ["spew"]
  revision = "346938d642f2ec3594ed81d874461961cd0faa76"
  version = "v1.1.0"

[[projects]]
  name = "github.com/docker/distribution"
  packages = ["digest","reference"]
  revision = "48294d928ced5dd9b378f7fd7c6f5da3ff3f2c89"
  version = "v2.6.2"

[[projects]]
  name = "github.com/docker/docker"
  packages = ["api/types","api/types/blkiodev","api/types/container","api/types/events","api/types/filters","api/types/mount","api/types/network","api/types/reference","api/types/registry","api/types/strslice","api/types/swarm","api/types/time","api/types/versions","api/types/volume","client","pkg/tlsconfig"]
  revision = "092cba3727bb9b4a2f0e922cd6c0f93ea270e363"
  version = "v1.13.1"

[[projects]]
  name = "github.com/docker/go-connections"
  packages = ["nat","sockets","tlsconfig"]
  revision = "3ede32e2033de7505e6500d6c868c2b9ed9f169d"
  version = "v0.3.0"

[[projects]]
  name = "github.com/docker/go-units"
  packages = ["."]
  revision = "0dadbb0345b35ec7ef35e228dabb8de89a65bf52"
  version = "v0.3.2"

[[projects]]
  name = "github.com/ghodss/yaml"
  packages = ["."]
  revision = "0ca9ea5df5451ffdf184b4428c902747c2c11cd7"
  version = "v1.0.0"

[[projects]]
  name = "github.com/google/uuid"
  packages = ["."]
  revision = "064e2069ce9c359c118179501254f67d7d37ba24"
  version = "0.2"

[[projects]]
  name = "github.com/mattn/go-colorable"
  packages = ["."]
  revision = "167de6bfdfba052fa6b2d3664c8f5272e23c9072"
  version = "v0.0.9"

[[projects]]
  name = "github.com/mattn/go-isatty"
  packages = ["."]
  revision = "0360b2af4f38e8d38c7fce2a9f4e702702d73a39"
  version = "v0.0.3"

[[projects]]
  branch = "master"
  name = "github.com/mgutz/ansi"
  packages = ["."]
  revision = "9520e82c474b0a04dd04f8a40959027271bab992"

[[projects]]
  branch = "master"
  name = "github.com/michaelbironneau/garbler"
  packages = ["lib"]
  revision = "eaea49f3709333a999768eddd70d24eba599e78d"

[[projects]]
  branch = "master"
  name = "github.com/minio/go-homedir"
  packages = ["."]
  revision = "21304a94172ae3a09dee2cd86a12fb6f842138c7"

[[projects]]
  branch = "master"
  name = "github.com/nbutton23/zxcvbn-go"
  packages = [".","adjacency","data","entropy","frequency","match","matching","scoring","utils/math"]
  revision = "9e2737e8c38cd3467672e2ac8ed17705fb5aa78e"

[[projects]]
  name = "github.com/pkg/errors"
  packages = ["."]
  revision = "645ef00459ed84a119197bfb8d8205042c6df63d"
  version = "v0.8.0"

[[projects]]
  name = "github.com/pmezard/go-difflib"
  packages = ["difflib"]
  revision = "792786c7400a136282c1664665ae0a8db921c6c2"
  version = "v1.0.0"

[[projects]]
  branch = "master"
  name = "github.com/sergi/go-diff"
  packages = ["diffmatchpatch"]
  revision = "832b50675c70d6d59e5cf2d939a5cf0045f1afe5"

[[projects]]
  name = "github.com/src-d/gcfg"
  packages = [".","scanner","token","types"]
  revision = "f187355171c936ac84a82793659ebb4936bc1c23"
  version = "v1.3.0"

[[projects]]
  name = "github.com/stretchr/testify"
  packages = ["assert"]
  revision = "69483b4bd14f5845b5a1e55bca19e954e827f1d0"
  version = "v1.1.4"

[[projects]]
  branch = "master"
  name = "golang.org/x/crypto"
  packages = ["curve25519","ed25519","ed25519/internal/edwards25519","ssh","ssh/agent"]
  revision = "bd6f299fb381e4c3393d1c4b1f0b94f5e77650c8"

[[projects]]
  branch = "master"
  name = "golang.org/x/net"
  packages = ["context","context/ctxhttp","proxy"]
  revision = "c73622c77280266305273cb545f54516ced95b93"

[[projects]]
  branch = "master"
  name = "golang.org/x/sys"
  packages = ["unix","windows"]
  revision = "95c6576299259db960f6c5b9b69ea52422860fce"

[[projects]]
  name = "gopkg.in/AlecAivazis/survey.v1"
  packages = [".","core","terminal"]
  revision = "344ec26ea976135df7508f1f513e5490a4686e11"
  version = "v1.4.0"

[[projects]]
  name = "gopkg.in/src-d/go-git.v4"
  packages = [".","config","plumbing","plumbing/format/config","plumbing/format/idxfile","plumbing/format/index","plumbing/format/objfile","plumbing/format/packfile","plumbing/format/pktline","plumbing/object","plumbing/protocol/packp","plumbing/protocol/packp/capability","plumbing/protocol/packp/sideband","plumbing/storer","plumbing/transport","plumbing/transport/client","plumbing/transport/file","plumbing/transport/git","plumbing/transport/http","plumbing/transport/internal/common","plumbing/transport/ssh","storage/filesystem","storage/filesystem/internal/dotgit","storage/memory","utils/binary","utils/diff","utils/fs","utils/fs/os","utils/ioutil"]
  revision = "c9353b2bd7c1cbdf8f78dad6deac64ed2f2ed9eb"
  version = "v4.0.0-rc5"

[[projects]]
  name = "gopkg.in/urfave/cli.v1"
  packages = ["."]
  revision = "cfb38830724cc34fedffe9a2a29fb54fa9169cd1"
  version = "v1.20.0"

[[projects]]
  name = "gopkg.in/warnings.v0"
  packages = ["."]
  revision = "8a331561fe74dadba6edfc59f3be66c22c3b065d"
  version = "v0.1.1"

[[projects]]
  branch = "v2"
  name = "gopkg.in/yaml.v2"
  packages = ["."]
  revision = "eb3733d160e74a9c7e442f435eb3bea458e1d19f"

[solve-meta]
  analyzer-name = "dep"
  analyzer-version = 1
  inputs-digest = "54e9483d749b92db2ab42bf1cf6c53e0820044754c60b6d0cf3c95980c5dc270"
  solver-name = "gps-cdcl"
  solver-version = 1
